
Microsoft Visual Studio Solution File, Format Version 12.00
# Visual Studio 15
Project("{FAE04EC0-301F-11D3-BF4B-00C04F79EFBC}") = "Gallery_VR", "Gallery_VR.csproj", "{09C6B400-0F30-C3BA-7818-63F7EFE74590}"
EndProject
Global
	GlobalSection(SolutionConfigurationPlatforms) = preSolution
		Debug|Any CPU = Debug|Any CPU
		Release|Any CPU = Release|Any CPU
	EndGlobalSection
	GlobalSection(ProjectConfigurationPlatforms) = postSolution
		{09C6B400-0F30-C3BA-7818-63F7EFE74590}.Debug|Any CPU.ActiveCfg = Debug|Any CPU
		{09C6B400-0F30-C3BA-7818-63F7EFE74590}.Debug|Any CPU.Build.0 = Debug|Any CPU
		{09C6B400-0F30-C3BA-7818-63F7EFE74590}.Release|Any CPU.ActiveCfg = Release|Any CPU
		{09C6B400-0F30-C3BA-7818-63F7EFE74590}.Release|Any CPU.Build.0 = Release|Any CPU
	EndGlobalSection
	GlobalSection(SolutionProperties) = preSolution
		HideSolutionNode = FALSE
	EndGlobalSection
EndGlobal
